
Microsoft Visual Studio Solution File, Format Version 12.00
# Visual Studio Version 16
VisualStudioVersion = 16.0.30907.101
MinimumVisualStudioVersion = 10.0.40219.1
Project("{9A19103F-16F7-4668-BE54-9A1E7A4F7556}") = "NinthTask", "NinthTask.csproj", "{6806B53A-8BB5-41D3-B445-847728CB28D9}"
EndProject
Project("{9A19103F-16F7-4668-BE54-9A1E7A4F7556}") = "NinthTask.Tests", "NinthTask.Tests\NinthTask.Tests.csproj", "{69DAF71F-1959-43E1-9007-7AC150F8E829}"
EndProject
Project("{9A19103F-16F7-4668-BE54-9A1E7A4F7556}") = "ChatDescription", "ChatLibrary\ChatDescription.csproj", "{EB6D25E4-ACE0-48AF-BC9C-30FBDC07C46A}"
EndProject
Global
	GlobalSection(SolutionConfigurationPlatforms) = preSolution
		Debug|Any CPU = Debug|Any CPU
		Release|Any CPU = Release|Any CPU
	EndGlobalSection
	GlobalSection(ProjectConfigurationPlatforms) = postSolution
		{6806B53A-8BB5-41D3-B445-847728CB28D9}.Debug|Any CPU.ActiveCfg = Debug|Any CPU
		{6806B53A-8BB5-41D3-B445-847728CB28D9}.Debug|Any CPU.Build.0 = Debug|Any CPU
		{6806B53A-8BB5-41D3-B445-847728CB28D9}.Release|Any CPU.ActiveCfg = Release|Any CPU
		{6806B53A-8BB5-41D3-B445-847728CB28D9}.Release|Any CPU.Build.0 = Release|Any CPU
		{69DAF71F-1959-43E1-9007-7AC150F8E829}.Debug|Any CPU.ActiveCfg = Debug|Any CPU
		{69DAF71F-1959-43E1-9007-7AC150F8E829}.Debug|Any CPU.Build.0 = Debug|Any CPU
		{69DAF71F-1959-43E1-9007-7AC150F8E829}.Release|Any CPU.ActiveCfg = Release|Any CPU
		{69DAF71F-1959-43E1-9007-7AC150F8E829}.Release|Any CPU.Build.0 = Release|Any CPU
		{EB6D25E4-ACE0-48AF-BC9C-30FBDC07C46A}.Debug|Any CPU.ActiveCfg = Debug|Any CPU
		{EB6D25E4-ACE0-48AF-BC9C-30FBDC07C46A}.Debug|Any CPU.Build.0 = Debug|Any CPU
		{EB6D25E4-ACE0-48AF-BC9C-30FBDC07C46A}.Release|Any CPU.ActiveCfg = Release|Any CPU
		{EB6D25E4-ACE0-48AF-BC9C-30FBDC07C46A}.Release|Any CPU.Build.0 = Release|Any CPU
	EndGlobalSection
	GlobalSection(SolutionProperties) = preSolution
		HideSolutionNode = FALSE
	EndGlobalSection
	GlobalSection(ExtensibilityGlobals) = postSolution
		SolutionGuid = {2FE3B3C4-3831-442C-9EF7-10D54F15381A}
	EndGlobalSection
EndGlobal
