
Microsoft Visual Studio Solution File, Format Version 12.00
# Visual Studio Version 16
VisualStudioVersion = 16.0.31025.194
MinimumVisualStudioVersion = 10.0.40219.1
Project("{9A19103F-16F7-4668-BE54-9A1E7A4F7556}") = "FifthTask", "FifthTask.csproj", "{BB53882C-5366-478E-A720-0BE08818CA80}"
EndProject
Project("{FAE04EC0-301F-11D3-BF4B-00C04F79EFBC}") = "CascadeLib", "CascadeLib\CascadeLib.csproj", "{C6256D5D-5D3D-45DA-94CF-6C63D4B840F8}"
EndProject
Project("{FAE04EC0-301F-11D3-BF4B-00C04F79EFBC}") = "FifthTask.Tests", "FifthTask.Tests\FifthTask.Tests.csproj", "{F5BAFC5C-0DC5-4A95-B40D-B5BCCE58CC8D}"
EndProject
Global
	GlobalSection(SolutionConfigurationPlatforms) = preSolution
		Debug|Any CPU = Debug|Any CPU
		Release|Any CPU = Release|Any CPU
	EndGlobalSection
	GlobalSection(ProjectConfigurationPlatforms) = postSolution
		{BB53882C-5366-478E-A720-0BE08818CA80}.Debug|Any CPU.ActiveCfg = Debug|Any CPU
		{BB53882C-5366-478E-A720-0BE08818CA80}.Debug|Any CPU.Build.0 = Debug|Any CPU
		{BB53882C-5366-478E-A720-0BE08818CA80}.Release|Any CPU.ActiveCfg = Release|Any CPU
		{BB53882C-5366-478E-A720-0BE08818CA80}.Release|Any CPU.Build.0 = Release|Any CPU
		{C6256D5D-5D3D-45DA-94CF-6C63D4B840F8}.Debug|Any CPU.ActiveCfg = Debug|Any CPU
		{C6256D5D-5D3D-45DA-94CF-6C63D4B840F8}.Debug|Any CPU.Build.0 = Debug|Any CPU
		{C6256D5D-5D3D-45DA-94CF-6C63D4B840F8}.Release|Any CPU.ActiveCfg = Release|Any CPU
		{C6256D5D-5D3D-45DA-94CF-6C63D4B840F8}.Release|Any CPU.Build.0 = Release|Any CPU
		{F5BAFC5C-0DC5-4A95-B40D-B5BCCE58CC8D}.Debug|Any CPU.ActiveCfg = Debug|Any CPU
		{F5BAFC5C-0DC5-4A95-B40D-B5BCCE58CC8D}.Debug|Any CPU.Build.0 = Debug|Any CPU
		{F5BAFC5C-0DC5-4A95-B40D-B5BCCE58CC8D}.Release|Any CPU.ActiveCfg = Release|Any CPU
		{F5BAFC5C-0DC5-4A95-B40D-B5BCCE58CC8D}.Release|Any CPU.Build.0 = Release|Any CPU
	EndGlobalSection
	GlobalSection(SolutionProperties) = preSolution
		HideSolutionNode = FALSE
	EndGlobalSection
	GlobalSection(ExtensibilityGlobals) = postSolution
		SolutionGuid = {1F9A6EAC-86AA-43DF-85DA-FDD62C747FCF}
	EndGlobalSection
EndGlobal
