
Microsoft Visual Studio Solution File, Format Version 12.00
# Visual Studio Version 16
VisualStudioVersion = 16.0.31025.194
MinimumVisualStudioVersion = 10.0.40219.1
Project("{9A19103F-16F7-4668-BE54-9A1E7A4F7556}") = "ThirdTask", "ThirdTask.csproj", "{3C98BF2A-5200-4C6B-B9CB-6D8E3097530A}"
EndProject
Project("{FAE04EC0-301F-11D3-BF4B-00C04F79EFBC}") = "ThirdTask.Tests", "ThirdTask.Tests\ThirdTask.Tests.csproj", "{9EF87804-5EF2-4D9C-A841-DFAFAB35C4F4}"
EndProject
Global
	GlobalSection(SolutionConfigurationPlatforms) = preSolution
		Debug|Any CPU = Debug|Any CPU
		Release|Any CPU = Release|Any CPU
	EndGlobalSection
	GlobalSection(ProjectConfigurationPlatforms) = postSolution
		{3C98BF2A-5200-4C6B-B9CB-6D8E3097530A}.Debug|Any CPU.ActiveCfg = Debug|Any CPU
		{3C98BF2A-5200-4C6B-B9CB-6D8E3097530A}.Debug|Any CPU.Build.0 = Debug|Any CPU
		{3C98BF2A-5200-4C6B-B9CB-6D8E3097530A}.Release|Any CPU.ActiveCfg = Release|Any CPU
		{3C98BF2A-5200-4C6B-B9CB-6D8E3097530A}.Release|Any CPU.Build.0 = Release|Any CPU
		{9EF87804-5EF2-4D9C-A841-DFAFAB35C4F4}.Debug|Any CPU.ActiveCfg = Debug|Any CPU
		{9EF87804-5EF2-4D9C-A841-DFAFAB35C4F4}.Debug|Any CPU.Build.0 = Debug|Any CPU
		{9EF87804-5EF2-4D9C-A841-DFAFAB35C4F4}.Release|Any CPU.ActiveCfg = Release|Any CPU
		{9EF87804-5EF2-4D9C-A841-DFAFAB35C4F4}.Release|Any CPU.Build.0 = Release|Any CPU
	EndGlobalSection
	GlobalSection(SolutionProperties) = preSolution
		HideSolutionNode = FALSE
	EndGlobalSection
	GlobalSection(ExtensibilityGlobals) = postSolution
		SolutionGuid = {656CAC3F-8B81-44BB-8D6B-4056EC3D27E7}
	EndGlobalSection
EndGlobal
