
Microsoft Visual Studio Solution File, Format Version 12.00
# Visual Studio Version 16
VisualStudioVersion = 16.0.30907.101
MinimumVisualStudioVersion = 10.0.40219.1
Project("{FAE04EC0-301F-11D3-BF4B-00C04F79EFBC}") = "FirstTask", "FirstTask.csproj", "{32727E9C-A7E1-421A-9627-10C803677D3E}"
EndProject
Project("{FAE04EC0-301F-11D3-BF4B-00C04F79EFBC}") = "FirstTask.Tests", "FirstTask.Tests\FirstTask.Tests.csproj", "{8B026E4C-48A6-4F12-A299-A5139824E13F}"
EndProject
Project("{FAE04EC0-301F-11D3-BF4B-00C04F79EFBC}") = "FibersDescription", "FibersDescription\FibersDescription.csproj", "{4E7868D7-E002-48C7-B4C7-5DADF312A2EC}"
EndProject
Global
	GlobalSection(SolutionConfigurationPlatforms) = preSolution
		Debug|Any CPU = Debug|Any CPU
		Release|Any CPU = Release|Any CPU
	EndGlobalSection
	GlobalSection(ProjectConfigurationPlatforms) = postSolution
		{32727E9C-A7E1-421A-9627-10C803677D3E}.Debug|Any CPU.ActiveCfg = Debug|Any CPU
		{32727E9C-A7E1-421A-9627-10C803677D3E}.Debug|Any CPU.Build.0 = Debug|Any CPU
		{32727E9C-A7E1-421A-9627-10C803677D3E}.Release|Any CPU.ActiveCfg = Release|Any CPU
		{32727E9C-A7E1-421A-9627-10C803677D3E}.Release|Any CPU.Build.0 = Release|Any CPU
		{8B026E4C-48A6-4F12-A299-A5139824E13F}.Debug|Any CPU.ActiveCfg = Debug|Any CPU
		{8B026E4C-48A6-4F12-A299-A5139824E13F}.Debug|Any CPU.Build.0 = Debug|Any CPU
		{8B026E4C-48A6-4F12-A299-A5139824E13F}.Release|Any CPU.ActiveCfg = Release|Any CPU
		{8B026E4C-48A6-4F12-A299-A5139824E13F}.Release|Any CPU.Build.0 = Release|Any CPU
		{4E7868D7-E002-48C7-B4C7-5DADF312A2EC}.Debug|Any CPU.ActiveCfg = Debug|Any CPU
		{4E7868D7-E002-48C7-B4C7-5DADF312A2EC}.Debug|Any CPU.Build.0 = Debug|Any CPU
		{4E7868D7-E002-48C7-B4C7-5DADF312A2EC}.Release|Any CPU.ActiveCfg = Release|Any CPU
		{4E7868D7-E002-48C7-B4C7-5DADF312A2EC}.Release|Any CPU.Build.0 = Release|Any CPU
	EndGlobalSection
	GlobalSection(SolutionProperties) = preSolution
		HideSolutionNode = FALSE
	EndGlobalSection
	GlobalSection(ExtensibilityGlobals) = postSolution
		SolutionGuid = {A670AF60-8B25-4D0A-8070-2814EB7C3F0D}
	EndGlobalSection
EndGlobal
