
Microsoft Visual Studio Solution File, Format Version 12.00
# Visual Studio Version 16
VisualStudioVersion = 16.0.30709.132
MinimumVisualStudioVersion = 10.0.40219.1
Project("{FAE04EC0-301F-11D3-BF4B-00C04F79EFBC}") = "FifthTask", "FifthTask.csproj", "{774ECB9C-3F45-4315-96E6-8C9A8C404303}"
EndProject
Project("{FAE04EC0-301F-11D3-BF4B-00C04F79EFBC}") = "FifthTask.Tests", "FifthTask.Tests\FifthTask.Tests.csproj", "{9AB25A50-D41A-4029-8726-1B030B3904D5}"
EndProject
Global
	GlobalSection(SolutionConfigurationPlatforms) = preSolution
		Debug|Any CPU = Debug|Any CPU
		Release|Any CPU = Release|Any CPU
	EndGlobalSection
	GlobalSection(ProjectConfigurationPlatforms) = postSolution
		{774ECB9C-3F45-4315-96E6-8C9A8C404303}.Debug|Any CPU.ActiveCfg = Debug|Any CPU
		{774ECB9C-3F45-4315-96E6-8C9A8C404303}.Debug|Any CPU.Build.0 = Debug|Any CPU
		{774ECB9C-3F45-4315-96E6-8C9A8C404303}.Release|Any CPU.ActiveCfg = Release|Any CPU
		{774ECB9C-3F45-4315-96E6-8C9A8C404303}.Release|Any CPU.Build.0 = Release|Any CPU
		{9AB25A50-D41A-4029-8726-1B030B3904D5}.Debug|Any CPU.ActiveCfg = Debug|Any CPU
		{9AB25A50-D41A-4029-8726-1B030B3904D5}.Debug|Any CPU.Build.0 = Debug|Any CPU
		{9AB25A50-D41A-4029-8726-1B030B3904D5}.Release|Any CPU.ActiveCfg = Release|Any CPU
		{9AB25A50-D41A-4029-8726-1B030B3904D5}.Release|Any CPU.Build.0 = Release|Any CPU
	EndGlobalSection
	GlobalSection(SolutionProperties) = preSolution
		HideSolutionNode = FALSE
	EndGlobalSection
	GlobalSection(ExtensibilityGlobals) = postSolution
		SolutionGuid = {24603877-31F7-48E5-BF01-DEC35172CDA9}
	EndGlobalSection
EndGlobal
